// !$*UTF8*$!
{
	archiveVersion = 1;
	classes = {
	};
	objectVersion = 50;
	objects = {

/* Begin PBXBuildFile section */
		4D83BC78259FAA6400A3C7DC /* LandmarkRow.swift in Sources */ = {isa = PBXBuildFile; fileRef = 4D83BC77259FAA6400A3C7DC /* LandmarkRow.swift */; };
		4D83BC80259FB08200A3C7DC /* LandmarkList.swift in Sources */ = {isa = PBXBuildFile; fileRef = 4D83BC7F259FB08200A3C7DC /* LandmarkList.swift */; };
		4D83BC85259FB1BA00A3C7DC /* LandmarkDetail.swift in Sources */ = {isa = PBXBuildFile; fileRef = 4D83BC84259FB1BA00A3C7DC /* LandmarkDetail.swift */; };
		4D894BC5258BF17E008F0B6D /* LandmarksApp.swift in Sources */ = {isa = PBXBuildFile; fileRef = 4D894BC4258BF17E008F0B6D /* LandmarksApp.swift */; };
		4D894BC7258BF17E008F0B6D /* ContentView.swift in Sources */ = {isa = PBXBuildFile; fileRef = 4D894BC6258BF17E008F0B6D /* ContentView.swift */; };
		4D894BC9258BF17E008F0B6D /* Assets.xcassets in Resources */ = {isa = PBXBuildFile; fileRef = 4D894BC8258BF17E008F0B6D /* Assets.xcassets */; };
		4D894BCC258BF17E008F0B6D /* Preview Assets.xcassets in Resources */ = {isa = PBXBuildFile; fileRef = 4D894BCB258BF17E008F0B6D /* Preview Assets.xcassets */; };
		4D894BD7258BF17E008F0B6D /* LandmarksTests.swift in Sources */ = {isa = PBXBuildFile; fileRef = 4D894BD6258BF17E008F0B6D /* LandmarksTests.swift */; };
		4D894BE2258BF17E008F0B6D /* LandmarksUITests.swift in Sources */ = {isa = PBXBuildFile; fileRef = 4D894BE1258BF17E008F0B6D /* LandmarksUITests.swift */; };
		4D894BF3258BF4C8008F0B6D /* CircleImage.swift in Sources */ = {isa = PBXBuildFile; fileRef = 4D894BF2258BF4C8008F0B6D /* CircleImage.swift */; };
		4D894BF8258BF5B6008F0B6D /* MapView.swift in Sources */ = {isa = PBXBuildFile; fileRef = 4D894BF7258BF5B6008F0B6D /* MapView.swift */; };
		4D8AF46725A0A561007D0F91 /* FavoriteButton.swift in Sources */ = {isa = PBXBuildFile; fileRef = 4D8AF46625A0A561007D0F91 /* FavoriteButton.swift */; };
		4D8AF47125A0A8ED007D0F91 /* HexagonParameters.swift in Sources */ = {isa = PBXBuildFile; fileRef = 4D8AF47025A0A8ED007D0F91 /* HexagonParameters.swift */; };
		4D8AF47625A0A985007D0F91 /* BadgeBackground.swift in Sources */ = {isa = PBXBuildFile; fileRef = 4D8AF47525A0A985007D0F91 /* BadgeBackground.swift */; };
		4D8AF48425A0AD11007D0F91 /* BadgeSymbol.swift in Sources */ = {isa = PBXBuildFile; fileRef = 4D8AF48325A0AD11007D0F91 /* BadgeSymbol.swift */; };
		4D8AF48925A0AD97007D0F91 /* RotatedBadgeSymbol.swift in Sources */ = {isa = PBXBuildFile; fileRef = 4D8AF48825A0AD97007D0F91 /* RotatedBadgeSymbol.swift */; };
		4D8AF48E25A0ADD0007D0F91 /* Badge.swift in Sources */ = {isa = PBXBuildFile; fileRef = 4D8AF48D25A0ADD0007D0F91 /* Badge.swift */; };
		4DDF3C1F259F55280062DA1D /* landmarkData.json in Resources */ = {isa = PBXBuildFile; fileRef = 4DDF3C1E259F55280062DA1D /* landmarkData.json */; };
		4DDF3C24259F55460062DA1D /* Landmark.swift in Sources */ = {isa = PBXBuildFile; fileRef = 4DDF3C23259F55460062DA1D /* Landmark.swift */; };
		4DDF3C29259F56020062DA1D /* ModelData.swift in Sources */ = {isa = PBXBuildFile; fileRef = 4DDF3C28259F56020062DA1D /* ModelData.swift */; };
/* End PBXBuildFile section */

/* Begin PBXContainerItemProxy section */
		4D894BD3258BF17E008F0B6D /* PBXContainerItemProxy */ = {
			isa = PBXContainerItemProxy;
			containerPortal = 4D894BB9258BF17E008F0B6D /* Project object */;
			proxyType = 1;
			remoteGlobalIDString = 4D894BC0258BF17E008F0B6D;
			remoteInfo = Landmarks;
		};
		4D894BDE258BF17E008F0B6D /* PBXContainerItemProxy */ = {
			isa = PBXContainerItemProxy;
			containerPortal = 4D894BB9258BF17E008F0B6D /* Project object */;
			proxyType = 1;
			remoteGlobalIDString = 4D894BC0258BF17E008F0B6D;
			remoteInfo = Landmarks;
		};
/* End PBXContainerItemProxy section */

/* Begin PBXFileReference section */
		4D83BC77259FAA6400A3C7DC /* LandmarkRow.swift */ = {isa = PBXFileReference; lastKnownFileType = sourcecode.swift; path = LandmarkRow.swift; sourceTree = "<group>"; };
		4D83BC7F259FB08200A3C7DC /* LandmarkList.swift */ = {isa = PBXFileReference; lastKnownFileType = sourcecode.swift; path = LandmarkList.swift; sourceTree = "<group>"; };
		4D83BC84259FB1BA00A3C7DC /* LandmarkDetail.swift */ = {isa = PBXFileReference; lastKnownFileType = sourcecode.swift; path = LandmarkDetail.swift; sourceTree = "<group>"; };
		4D894BC1258BF17E008F0B6D /* Landmarks.app */ = {isa = PBXFileReference; explicitFileType = wrapper.application; includeInIndex = 0; path = Landmarks.app; sourceTree = BUILT_PRODUCTS_DIR; };
		4D894BC4258BF17E008F0B6D /* LandmarksApp.swift */ = {isa = PBXFileReference; lastKnownFileType = sourcecode.swift; path = LandmarksApp.swift; sourceTree = "<group>"; };
		4D894BC6258BF17E008F0B6D /* ContentView.swift */ = {isa = PBXFileReference; lastKnownFileType = sourcecode.swift; path = ContentView.swift; sourceTree = "<group>"; };
		4D894BC8258BF17E008F0B6D /* Assets.xcassets */ = {isa = PBXFileReference; lastKnownFileType = folder.assetcatalog; path = Assets.xcassets; sourceTree = "<group>"; };
		4D894BCB258BF17E008F0B6D /* Preview Assets.xcassets */ = {isa = PBXFileReference; lastKnownFileType = folder.assetcatalog; path = "Preview Assets.xcassets"; sourceTree = "<group>"; };
		4D894BCD258BF17E008F0B6D /* Info.plist */ = {isa = PBXFileReference; lastKnownFileType = text.plist.xml; path = Info.plist; sourceTree = "<group>"; };
		4D894BD2258BF17E008F0B6D /* LandmarksTests.xctest */ = {isa = PBXFileReference; explicitFileType = wrapper.cfbundle; includeInIndex = 0; path = LandmarksTests.xctest; sourceTree = BUILT_PRODUCTS_DIR; };
		4D894BD6258BF17E008F0B6D /* LandmarksTests.swift */ = {isa = PBXFileReference; lastKnownFileType = sourcecode.swift; path = LandmarksTests.swift; sourceTree = "<group>"; };
		4D894BD8258BF17E008F0B6D /* Info.plist */ = {isa = PBXFileReference; lastKnownFileType = text.plist.xml; path = Info.plist; sourceTree = "<group>"; };
		4D894BDD258BF17E008F0B6D /* LandmarksUITests.xctest */ = {isa = PBXFileReference; explicitFileType = wrapper.cfbundle; includeInIndex = 0; path = LandmarksUITests.xctest; sourceTree = BUILT_PRODUCTS_DIR; };
		4D894BE1258BF17E008F0B6D /* LandmarksUITests.swift */ = {isa = PBXFileReference; lastKnownFileType = sourcecode.swift; path = LandmarksUITests.swift; sourceTree = "<group>"; };
		4D894BE3258BF17E008F0B6D /* Info.plist */ = {isa = PBXFileReference; lastKnownFileType = text.plist.xml; path = Info.plist; sourceTree = "<group>"; };
		4D894BF2258BF4C8008F0B6D /* CircleImage.swift */ = {isa = PBXFileReference; lastKnownFileType = sourcecode.swift; path = CircleImage.swift; sourceTree = "<group>"; };
		4D894BF7258BF5B6008F0B6D /* MapView.swift */ = {isa = PBXFileReference; lastKnownFileType = sourcecode.swift; path = MapView.swift; sourceTree = "<group>"; };
		4D8AF46625A0A561007D0F91 /* FavoriteButton.swift */ = {isa = PBXFileReference; lastKnownFileType = sourcecode.swift; path = FavoriteButton.swift; sourceTree = "<group>"; };
		4D8AF47025A0A8ED007D0F91 /* HexagonParameters.swift */ = {isa = PBXFileReference; lastKnownFileType = sourcecode.swift; path = HexagonParameters.swift; sourceTree = "<group>"; };
		4D8AF47525A0A985007D0F91 /* BadgeBackground.swift */ = {isa = PBXFileReference; lastKnownFileType = sourcecode.swift; path = BadgeBackground.swift; sourceTree = "<group>"; };
		4D8AF48325A0AD11007D0F91 /* BadgeSymbol.swift */ = {isa = PBXFileReference; lastKnownFileType = sourcecode.swift; path = BadgeSymbol.swift; sourceTree = "<group>"; };
		4D8AF48825A0AD97007D0F91 /* RotatedBadgeSymbol.swift */ = {isa = PBXFileReference; lastKnownFileType = sourcecode.swift; path = RotatedBadgeSymbol.swift; sourceTree = "<group>"; };
		4D8AF48D25A0ADD0007D0F91 /* Badge.swift */ = {isa = PBXFileReference; lastKnownFileType = sourcecode.swift; path = Badge.swift; sourceTree = "<group>"; };
		4DDF3C1E259F55280062DA1D /* landmarkData.json */ = {isa = PBXFileReference; fileEncoding = 4; lastKnownFileType = text.json; path = landmarkData.json; sourceTree = "<group>"; };
		4DDF3C23259F55460062DA1D /* Landmark.swift */ = {isa = PBXFileReference; lastKnownFileType = sourcecode.swift; path = Landmark.swift; sourceTree = "<group>"; };
		4DDF3C28259F56020062DA1D /* ModelData.swift */ = {isa = PBXFileReference; lastKnownFileType = sourcecode.swift; path = ModelData.swift; sourceTree = "<group>"; };
/* End PBXFileReference section */

/* Begin PBXFrameworksBuildPhase section */
		4D894BBE258BF17E008F0B6D /* Frameworks */ = {
			isa = PBXFrameworksBuildPhase;
			buildActionMask = 2147483647;
			files = (
			);
			runOnlyForDeploymentPostprocessing = 0;
		};
		4D894BCF258BF17E008F0B6D /* Frameworks */ = {
			isa = PBXFrameworksBuildPhase;
			buildActionMask = 2147483647;
			files = (
			);
			runOnlyForDeploymentPostprocessing = 0;
		};
		4D894BDA258BF17E008F0B6D /* Frameworks */ = {
			isa = PBXFrameworksBuildPhase;
			buildActionMask = 2147483647;
			files = (
			);
			runOnlyForDeploymentPostprocessing = 0;
		};
/* End PBXFrameworksBuildPhase section */

/* Begin PBXGroup section */
		4D894BB8258BF17E008F0B6D = {
			isa = PBXGroup;
			children = (
				4D894BC3258BF17E008F0B6D /* Landmarks */,
				4D894BD5258BF17E008F0B6D /* LandmarksTests */,
				4D894BE0258BF17E008F0B6D /* LandmarksUITests */,
				4D894BC2258BF17E008F0B6D /* Products */,
			);
			sourceTree = "<group>";
		};
		4D894BC2258BF17E008F0B6D /* Products */ = {
			isa = PBXGroup;
			children = (
				4D894BC1258BF17E008F0B6D /* Landmarks.app */,
				4D894BD2258BF17E008F0B6D /* LandmarksTests.xctest */,
				4D894BDD258BF17E008F0B6D /* LandmarksUITests.xctest */,
			);
			name = Products;
			sourceTree = "<group>";
		};
		4D894BC3258BF17E008F0B6D /* Landmarks */ = {
			isa = PBXGroup;
			children = (
				4D894BC4258BF17E008F0B6D /* LandmarksApp.swift */,
				4DDF3C2D259F9CBD0062DA1D /* Views */,
				4DDF3C32259FA2210062DA1D /* Model */,
				4DDF3C31259FA20E0062DA1D /* Resources */,
				4D894BC8258BF17E008F0B6D /* Assets.xcassets */,
				4D894BCD258BF17E008F0B6D /* Info.plist */,
				4D894BCA258BF17E008F0B6D /* Preview Content */,
			);
			path = Landmarks;
			sourceTree = "<group>";
		};
		4D894BCA258BF17E008F0B6D /* Preview Content */ = {
			isa = PBXGroup;
			children = (
				4D894BCB258BF17E008F0B6D /* Preview Assets.xcassets */,
			);
			path = "Preview Content";
			sourceTree = "<group>";
		};
		4D894BD5258BF17E008F0B6D /* LandmarksTests */ = {
			isa = PBXGroup;
			children = (
				4D894BD6258BF17E008F0B6D /* LandmarksTests.swift */,
				4D894BD8258BF17E008F0B6D /* Info.plist */,
			);
			path = LandmarksTests;
			sourceTree = "<group>";
		};
		4D894BE0258BF17E008F0B6D /* LandmarksUITests */ = {
			isa = PBXGroup;
			children = (
				4D894BE1258BF17E008F0B6D /* LandmarksUITests.swift */,
				4D894BE3258BF17E008F0B6D /* Info.plist */,
			);
			path = LandmarksUITests;
			sourceTree = "<group>";
		};
		4D8AF46B25A0A61F007D0F91 /* Helpers */ = {
			isa = PBXGroup;
			children = (
				4D894BF7258BF5B6008F0B6D /* MapView.swift */,
				4D894BF2258BF4C8008F0B6D /* CircleImage.swift */,
				4D8AF46625A0A561007D0F91 /* FavoriteButton.swift */,
			);
			path = Helpers;
			sourceTree = "<group>";
		};
		4D8AF46C25A0A63D007D0F91 /* Landmarks */ = {
			isa = PBXGroup;
			children = (
				4D83BC77259FAA6400A3C7DC /* LandmarkRow.swift */,
				4D83BC7F259FB08200A3C7DC /* LandmarkList.swift */,
				4D83BC84259FB1BA00A3C7DC /* LandmarkDetail.swift */,
			);
			path = Landmarks;
			sourceTree = "<group>";
		};
		4D8AF49225A0AE83007D0F91 /* Badges */ = {
			isa = PBXGroup;
			children = (
				4D8AF47025A0A8ED007D0F91 /* HexagonParameters.swift */,
				4D8AF47525A0A985007D0F91 /* BadgeBackground.swift */,
				4D8AF48325A0AD11007D0F91 /* BadgeSymbol.swift */,
				4D8AF48825A0AD97007D0F91 /* RotatedBadgeSymbol.swift */,
				4D8AF48D25A0ADD0007D0F91 /* Badge.swift */,
			);
			path = Badges;
			sourceTree = "<group>";
		};
		4DDF3C2D259F9CBD0062DA1D /* Views */ = {
			isa = PBXGroup;
			children = (
				4D8AF49225A0AE83007D0F91 /* Badges */,
				4D8AF46C25A0A63D007D0F91 /* Landmarks */,
				4D8AF46B25A0A61F007D0F91 /* Helpers */,
				4D894BC6258BF17E008F0B6D /* ContentView.swift */,
			);
			path = Views;
			sourceTree = "<group>";
		};
		4DDF3C31259FA20E0062DA1D /* Resources */ = {
			isa = PBXGroup;
			children = (
				4DDF3C1E259F55280062DA1D /* landmarkData.json */,
			);
			path = Resources;
			sourceTree = "<group>";
		};
		4DDF3C32259FA2210062DA1D /* Model */ = {
			isa = PBXGroup;
			children = (
				4DDF3C23259F55460062DA1D /* Landmark.swift */,
				4DDF3C28259F56020062DA1D /* ModelData.swift */,
			);
			path = Model;
			sourceTree = "<group>";
		};
/* End PBXGroup section */

/* Begin PBXNativeTarget section */
		4D894BC0258BF17E008F0B6D /* Landmarks */ = {
			isa = PBXNativeTarget;
			buildConfigurationList = 4D894BE6258BF17E008F0B6D /* Build configuration list for PBXNativeTarget "Landmarks" */;
			buildPhases = (
				4D894BBD258BF17E008F0B6D /* Sources */,
				4D894BBE258BF17E008F0B6D /* Frameworks */,
				4D894BBF258BF17E008F0B6D /* Resources */,
			);
			buildRules = (
			);
			dependencies = (
			);
			name = Landmarks;
			productName = Landmarks;
			productReference = 4D894BC1258BF17E008F0B6D /* Landmarks.app */;
			productType = "com.apple.product-type.application";
		};
		4D894BD1258BF17E008F0B6D /* LandmarksTests */ = {
			isa = PBXNativeTarget;
			buildConfigurationList = 4D894BE9258BF17E008F0B6D /* Build configuration list for PBXNativeTarget "LandmarksTests" */;
			buildPhases = (
				4D894BCE258BF17E008F0B6D /* Sources */,
				4D894BCF258BF17E008F0B6D /* Frameworks */,
				4D894BD0258BF17E008F0B6D /* Resources */,
			);
			buildRules = (
			);
			dependencies = (
				4D894BD4258BF17E008F0B6D /* PBXTargetDependency */,
			);
			name = LandmarksTests;
			productName = LandmarksTests;
			productReference = 4D894BD2258BF17E008F0B6D /* LandmarksTests.xctest */;
			productType = "com.apple.product-type.bundle.unit-test";
		};
		4D894BDC258BF17E008F0B6D /* LandmarksUITests */ = {
			isa = PBXNativeTarget;
			buildConfigurationList = 4D894BEC258BF17E008F0B6D /* Build configuration list for PBXNativeTarget "LandmarksUITests" */;
			buildPhases = (
				4D894BD9258BF17E008F0B6D /* Sources */,
				4D894BDA258BF17E008F0B6D /* Frameworks */,
				4D894BDB258BF17E008F0B6D /* Resources */,
			);
			buildRules = (
			);
			dependencies = (
				4D894BDF258BF17E008F0B6D /* PBXTargetDependency */,
			);
			name = LandmarksUITests;
			productName = LandmarksUITests;
			productReference = 4D894BDD258BF17E008F0B6D /* LandmarksUITests.xctest */;
			productType = "com.apple.product-type.bundle.ui-testing";
		};
/* End PBXNativeTarget section */

/* Begin PBXProject section */
		4D894BB9258BF17E008F0B6D /* Project object */ = {
			isa = PBXProject;
			attributes = {
				LastSwiftUpdateCheck = 1220;
				LastUpgradeCheck = 1220;
				TargetAttributes = {
					4D894BC0258BF17E008F0B6D = {
						CreatedOnToolsVersion = 12.2;
					};
					4D894BD1258BF17E008F0B6D = {
						CreatedOnToolsVersion = 12.2;
						TestTargetID = 4D894BC0258BF17E008F0B6D;
					};
					4D894BDC258BF17E008F0B6D = {
						CreatedOnToolsVersion = 12.2;
						TestTargetID = 4D894BC0258BF17E008F0B6D;
					};
				};
			};
			buildConfigurationList = 4D894BBC258BF17E008F0B6D /* Build configuration list for PBXProject "Landmarks" */;
			compatibilityVersion = "Xcode 9.3";
			developmentRegion = en;
			hasScannedForEncodings = 0;
			knownRegions = (
				en,
				Base,
			);
			mainGroup = 4D894BB8258BF17E008F0B6D;
			productRefGroup = 4D894BC2258BF17E008F0B6D /* Products */;
			projectDirPath = "";
			projectRoot = "";
			targets = (
				4D894BC0258BF17E008F0B6D /* Landmarks */,
				4D894BD1258BF17E008F0B6D /* LandmarksTests */,
				4D894BDC258BF17E008F0B6D /* LandmarksUITests */,
			);
		};
/* End PBXProject section */

/* Begin PBXResourcesBuildPhase section */
		4D894BBF258BF17E008F0B6D /* Resources */ = {
			isa = PBXResourcesBuildPhase;
			buildActionMask = 2147483647;
			files = (
				4D894BCC258BF17E008F0B6D /* Preview Assets.xcassets in Resources */,
				4D894BC9258BF17E008F0B6D /* Assets.xcassets in Resources */,
				4DDF3C1F259F55280062DA1D /* landmarkData.json in Resources */,
			);
			runOnlyForDeploymentPostprocessing = 0;
		};
		4D894BD0258BF17E008F0B6D /* Resources */ = {
			isa = PBXResourcesBuildPhase;
			buildActionMask = 2147483647;
			files = (
			);
			runOnlyForDeploymentPostprocessing = 0;
		};
		4D894BDB258BF17E008F0B6D /* Resources */ = {
			isa = PBXResourcesBuildPhase;
			buildActionMask = 2147483647;
			files = (
			);
			runOnlyForDeploymentPostprocessing = 0;
		};
/* End PBXResourcesBuildPhase section */

/* Begin PBXSourcesBuildPhase section */
		4D894BBD258BF17E008F0B6D /* Sources */ = {
			isa = PBXSourcesBuildPhase;
			buildActionMask = 2147483647;
			files = (
				4D894BC7258BF17E008F0B6D /* ContentView.swift in Sources */,
				4D8AF48E25A0ADD0007D0F91 /* Badge.swift in Sources */,
				4D894BF8258BF5B6008F0B6D /* MapView.swift in Sources */,
				4D894BC5258BF17E008F0B6D /* LandmarksApp.swift in Sources */,
				4D8AF46725A0A561007D0F91 /* FavoriteButton.swift in Sources */,
				4D8AF47125A0A8ED007D0F91 /* HexagonParameters.swift in Sources */,
				4D8AF48925A0AD97007D0F91 /* RotatedBadgeSymbol.swift in Sources */,
				4D8AF48425A0AD11007D0F91 /* BadgeSymbol.swift in Sources */,
				4D894BF3258BF4C8008F0B6D /* CircleImage.swift in Sources */,
				4D83BC85259FB1BA00A3C7DC /* LandmarkDetail.swift in Sources */,
				4D8AF47625A0A985007D0F91 /* BadgeBackground.swift in Sources */,
				4DDF3C24259F55460062DA1D /* Landmark.swift in Sources */,
				4D83BC78259FAA6400A3C7DC /* LandmarkRow.swift in Sources */,
				4DDF3C29259F56020062DA1D /* ModelData.swift in Sources */,
				4D83BC80259FB08200A3C7DC /* LandmarkList.swift in Sources */,
			);
			runOnlyForDeploymentPostprocessing = 0;
		};
		4D894BCE258BF17E008F0B6D /* Sources */ = {
			isa = PBXSourcesBuildPhase;
			buildActionMask = 2147483647;
			files = (
				4D894BD7258BF17E008F0B6D /* LandmarksTests.swift in Sources */,
			);
			runOnlyForDeploymentPostprocessing = 0;
		};
		4D894BD9258BF17E008F0B6D /* Sources */ = {
			isa = PBXSourcesBuildPhase;
			buildActionMask = 2147483647;
			files = (
				4D894BE2258BF17E008F0B6D /* LandmarksUITests.swift in Sources */,
			);
			runOnlyForDeploymentPostprocessing = 0;
		};
/* End PBXSourcesBuildPhase section */

/* Begin PBXTargetDependency section */
		4D894BD4258BF17E008F0B6D /* PBXTargetDependency */ = {
			isa = PBXTargetDependency;
			target = 4D894BC0258BF17E008F0B6D /* Landmarks */;
			targetProxy = 4D894BD3258BF17E008F0B6D /* PBXContainerItemProxy */;
		};
		4D894BDF258BF17E008F0B6D /* PBXTargetDependency */ = {
			isa = PBXTargetDependency;
			target = 4D894BC0258BF17E008F0B6D /* Landmarks */;
			targetProxy = 4D894BDE258BF17E008F0B6D /* PBXContainerItemProxy */;
		};
/* End PBXTargetDependency section */

/* Begin XCBuildConfiguration section */
		4D894BE4258BF17E008F0B6D /* Debug */ = {
			isa = XCBuildConfiguration;
			buildSettings = {
				ALWAYS_SEARCH_USER_PATHS = NO;
				CLANG_ANALYZER_NONNULL = YES;
				CLANG_ANALYZER_NUMBER_OBJECT_CONVERSION = YES_AGGRESSIVE;
				CLANG_CXX_LANGUAGE_STANDARD = "gnu++14";
				CLANG_CXX_LIBRARY = "libc++";
				CLANG_ENABLE_MODULES = YES;
				CLANG_ENABLE_OBJC_ARC = YES;
				CLANG_ENABLE_OBJC_WEAK = YES;
				CLANG_WARN_BLOCK_CAPTURE_AUTORELEASING = YES;
				CLANG_WARN_BOOL_CONVERSION = YES;
				CLANG_WARN_COMMA = YES;
				CLANG_WARN_CONSTANT_CONVERSION = YES;
				CLANG_WARN_DEPRECATED_OBJC_IMPLEMENTATIONS = YES;
				CLANG_WARN_DIRECT_OBJC_ISA_USAGE = YES_ERROR;
				CLANG_WARN_DOCUMENTATION_COMMENTS = YES;
				CLANG_WARN_EMPTY_BODY = YES;
				CLANG_WARN_ENUM_CONVERSION = YES;
				CLANG_WARN_INFINITE_RECURSION = YES;
				CLANG_WARN_INT_CONVERSION = YES;
				CLANG_WARN_NON_LITERAL_NULL_CONVERSION = YES;
				CLANG_WARN_OBJC_IMPLICIT_RETAIN_SELF = YES;
				CLANG_WARN_OBJC_LITERAL_CONVERSION = YES;
				CLANG_WARN_OBJC_ROOT_CLASS = YES_ERROR;
				CLANG_WARN_QUOTED_INCLUDE_IN_FRAMEWORK_HEADER = YES;
				CLANG_WARN_RANGE_LOOP_ANALYSIS = YES;
				CLANG_WARN_STRICT_PROTOTYPES = YES;
				CLANG_WARN_SUSPICIOUS_MOVE = YES;
				CLANG_WARN_UNGUARDED_AVAILABILITY = YES_AGGRESSIVE;
				CLANG_WARN_UNREACHABLE_CODE = YES;
				CLANG_WARN__DUPLICATE_METHOD_MATCH = YES;
				COPY_PHASE_STRIP = NO;
				DEBUG_INFORMATION_FORMAT = dwarf;
				ENABLE_STRICT_OBJC_MSGSEND = YES;
				ENABLE_TESTABILITY = YES;
				GCC_C_LANGUAGE_STANDARD = gnu11;
				GCC_DYNAMIC_NO_PIC = NO;
				GCC_NO_COMMON_BLOCKS = YES;
				GCC_OPTIMIZATION_LEVEL = 0;
				GCC_PREPROCESSOR_DEFINITIONS = (
					"DEBUG=1",
					"$(inherited)",
				);
				GCC_WARN_64_TO_32_BIT_CONVERSION = YES;
				GCC_WARN_ABOUT_RETURN_TYPE = YES_ERROR;
				GCC_WARN_UNDECLARED_SELECTOR = YES;
				GCC_WARN_UNINITIALIZED_AUTOS = YES_AGGRESSIVE;
				GCC_WARN_UNUSED_FUNCTION = YES;
				GCC_WARN_UNUSED_VARIABLE = YES;
				IPHONEOS_DEPLOYMENT_TARGET = 14.2;
				MTL_ENABLE_DEBUG_INFO = INCLUDE_SOURCE;
				MTL_FAST_MATH = YES;
				ONLY_ACTIVE_ARCH = YES;
				SDKROOT = iphoneos;
				SWIFT_ACTIVE_COMPILATION_CONDITIONS = DEBUG;
				SWIFT_OPTIMIZATION_LEVEL = "-Onone";
			};
			name = Debug;
		};
		4D894BE5258BF17E008F0B6D /* Release */ = {
			isa = XCBuildConfiguration;
			buildSettings = {
				ALWAYS_SEARCH_USER_PATHS = NO;
				CLANG_ANALYZER_NONNULL = YES;
				CLANG_ANALYZER_NUMBER_OBJECT_CONVERSION = YES_AGGRESSIVE;
				CLANG_CXX_LANGUAGE_STANDARD = "gnu++14";
				CLANG_CXX_LIBRARY = "libc++";
				CLANG_ENABLE_MODULES = YES;
				CLANG_ENABLE_OBJC_ARC = YES;
				CLANG_ENABLE_OBJC_WEAK = YES;
				CLANG_WARN_BLOCK_CAPTURE_AUTORELEASING = YES;
				CLANG_WARN_BOOL_CONVERSION = YES;
				CLANG_WARN_COMMA = YES;
				CLANG_WARN_CONSTANT_CONVERSION = YES;
				CLANG_WARN_DEPRECATED_OBJC_IMPLEMENTATIONS = YES;
				CLANG_WARN_DIRECT_OBJC_ISA_USAGE = YES_ERROR;
				CLANG_WARN_DOCUMENTATION_COMMENTS = YES;
				CLANG_WARN_EMPTY_BODY = YES;
				CLANG_WARN_ENUM_CONVERSION = YES;
				CLANG_WARN_INFINITE_RECURSION = YES;
				CLANG_WARN_INT_CONVERSION = YES;
				CLANG_WARN_NON_LITERAL_NULL_CONVERSION = YES;
				CLANG_WARN_OBJC_IMPLICIT_RETAIN_SELF = YES;
				CLANG_WARN_OBJC_LITERAL_CONVERSION = YES;
				CLANG_WARN_OBJC_ROOT_CLASS = YES_ERROR;
				CLANG_WARN_QUOTED_INCLUDE_IN_FRAMEWORK_HEADER = YES;
				CLANG_WARN_RANGE_LOOP_ANALYSIS = YES;
				CLANG_WARN_STRICT_PROTOTYPES = YES;
				CLANG_WARN_SUSPICIOUS_MOVE = YES;
				CLANG_WARN_UNGUARDED_AVAILABILITY = YES_AGGRESSIVE;
				CLANG_WARN_UNREACHABLE_CODE = YES;
				CLANG_WARN__DUPLICATE_METHOD_MATCH = YES;
				COPY_PHASE_STRIP = NO;
				DEBUG_INFORMATION_FORMAT = "dwarf-with-dsym";
				ENABLE_NS_ASSERTIONS = NO;
				ENABLE_STRICT_OBJC_MSGSEND = YES;
				GCC_C_LANGUAGE_STANDARD = gnu11;
				GCC_NO_COMMON_BLOCKS = YES;
				GCC_WARN_64_TO_32_BIT_CONVERSION = YES;
				GCC_WARN_ABOUT_RETURN_TYPE = YES_ERROR;
				GCC_WARN_UNDECLARED_SELECTOR = YES;
				GCC_WARN_UNINITIALIZED_AUTOS = YES_AGGRESSIVE;
				GCC_WARN_UNUSED_FUNCTION = YES;
				GCC_WARN_UNUSED_VARIABLE = YES;
				IPHONEOS_DEPLOYMENT_TARGET = 14.2;
				MTL_ENABLE_DEBUG_INFO = NO;
				MTL_FAST_MATH = YES;
				SDKROOT = iphoneos;
				SWIFT_COMPILATION_MODE = wholemodule;
				SWIFT_OPTIMIZATION_LEVEL = "-O";
				VALIDATE_PRODUCT = YES;
			};
			name = Release;
		};
		4D894BE7258BF17E008F0B6D /* Debug */ = {
			isa = XCBuildConfiguration;
			buildSettings = {
				ASSETCATALOG_COMPILER_GLOBAL_ACCENT_COLOR_NAME = AccentColor;
				CODE_SIGN_STYLE = Automatic;
				DEVELOPMENT_ASSET_PATHS = "\"Landmarks/Preview Content\"";
				ENABLE_PREVIEWS = YES;
				INFOPLIST_FILE = Landmarks/Info.plist;
				IPHONEOS_DEPLOYMENT_TARGET = 14.0;
				LD_RUNPATH_SEARCH_PATHS = (
					"$(inherited)",
					"@executable_path/Frameworks",
				);
				PRODUCT_BUNDLE_IDENTIFIER = com.jkadamczyk.Landmarks;
				PRODUCT_NAME = "$(TARGET_NAME)";
				SWIFT_VERSION = 5.0;
				TARGETED_DEVICE_FAMILY = "1,2";
			};
			name = Debug;
		};
		4D894BE8258BF17E008F0B6D /* Release */ = {
			isa = XCBuildConfiguration;
			buildSettings = {
				ASSETCATALOG_COMPILER_GLOBAL_ACCENT_COLOR_NAME = AccentColor;
				CODE_SIGN_STYLE = Automatic;
				DEVELOPMENT_ASSET_PATHS = "\"Landmarks/Preview Content\"";
				ENABLE_PREVIEWS = YES;
				INFOPLIST_FILE = Landmarks/Info.plist;
				IPHONEOS_DEPLOYMENT_TARGET = 14.0;
				LD_RUNPATH_SEARCH_PATHS = (
					"$(inherited)",
					"@executable_path/Frameworks",
				);
				PRODUCT_BUNDLE_IDENTIFIER = com.jkadamczyk.Landmarks;
				PRODUCT_NAME = "$(TARGET_NAME)";
				SWIFT_VERSION = 5.0;
				TARGETED_DEVICE_FAMILY = "1,2";
			};
			name = Release;
		};
		4D894BEA258BF17E008F0B6D /* Debug */ = {
			isa = XCBuildConfiguration;
			buildSettings = {
				ALWAYS_EMBED_SWIFT_STANDARD_LIBRARIES = YES;
				BUNDLE_LOADER = "$(TEST_HOST)";
				CODE_SIGN_STYLE = Automatic;
				INFOPLIST_FILE = LandmarksTests/Info.plist;
				IPHONEOS_DEPLOYMENT_TARGET = 14.0;
				LD_RUNPATH_SEARCH_PATHS = (
					"$(inherited)",
					"@executable_path/Frameworks",
					"@loader_path/Frameworks",
				);
				PRODUCT_BUNDLE_IDENTIFIER = com.jkadamczyk.LandmarksTests;
				PRODUCT_NAME = "$(TARGET_NAME)";
				SWIFT_VERSION = 5.0;
				TARGETED_DEVICE_FAMILY = "1,2";
				TEST_HOST = "$(BUILT_PRODUCTS_DIR)/Landmarks.app/Landmarks";
			};
			name = Debug;
		};
		4D894BEB258BF17E008F0B6D /* Release */ = {
			isa = XCBuildConfiguration;
			buildSettings = {
				ALWAYS_EMBED_SWIFT_STANDARD_LIBRARIES = YES;
				BUNDLE_LOADER = "$(TEST_HOST)";
				CODE_SIGN_STYLE = Automatic;
				INFOPLIST_FILE = LandmarksTests/Info.plist;
				IPHONEOS_DEPLOYMENT_TARGET = 14.0;
				LD_RUNPATH_SEARCH_PATHS = (
					"$(inherited)",
					"@executable_path/Frameworks",
					"@loader_path/Frameworks",
				);
				PRODUCT_BUNDLE_IDENTIFIER = com.jkadamczyk.LandmarksTests;
				PRODUCT_NAME = "$(TARGET_NAME)";
				SWIFT_VERSION = 5.0;
				TARGETED_DEVICE_FAMILY = "1,2";
				TEST_HOST = "$(BUILT_PRODUCTS_DIR)/Landmarks.app/Landmarks";
			};
			name = Release;
		};
		4D894BED258BF17E008F0B6D /* Debug */ = {
			isa = XCBuildConfiguration;
			buildSettings = {
				ALWAYS_EMBED_SWIFT_STANDARD_LIBRARIES = YES;
				CODE_SIGN_STYLE = Automatic;
				INFOPLIST_FILE = LandmarksUITests/Info.plist;
				LD_RUNPATH_SEARCH_PATHS = (
					"$(inherited)",
					"@executable_path/Frameworks",
					"@loader_path/Frameworks",
				);
				PRODUCT_BUNDLE_IDENTIFIER = com.jkadamczyk.LandmarksUITests;
				PRODUCT_NAME = "$(TARGET_NAME)";
				SWIFT_VERSION = 5.0;
				TARGETED_DEVICE_FAMILY = "1,2";
				TEST_TARGET_NAME = Landmarks;
			};
			name = Debug;
		};
		4D894BEE258BF17E008F0B6D /* Release */ = {
			isa = XCBuildConfiguration;
			buildSettings = {
				ALWAYS_EMBED_SWIFT_STANDARD_LIBRARIES = YES;
				CODE_SIGN_STYLE = Automatic;
				INFOPLIST_FILE = LandmarksUITests/Info.plist;
				LD_RUNPATH_SEARCH_PATHS = (
					"$(inherited)",
					"@executable_path/Frameworks",
					"@loader_path/Frameworks",
				);
				PRODUCT_BUNDLE_IDENTIFIER = com.jkadamczyk.LandmarksUITests;
				PRODUCT_NAME = "$(TARGET_NAME)";
				SWIFT_VERSION = 5.0;
				TARGETED_DEVICE_FAMILY = "1,2";
				TEST_TARGET_NAME = Landmarks;
			};
			name = Release;
		};
/* End XCBuildConfiguration section */

/* Begin XCConfigurationList section */
		4D894BBC258BF17E008F0B6D /* Build configuration list for PBXProject "Landmarks" */ = {
			isa = XCConfigurationList;
			buildConfigurations = (
				4D894BE4258BF17E008F0B6D /* Debug */,
				4D894BE5258BF17E008F0B6D /* Release */,
			);
			defaultConfigurationIsVisible = 0;
			defaultConfigurationName = Release;
		};
		4D894BE6258BF17E008F0B6D /* Build configuration list for PBXNativeTarget "Landmarks" */ = {
			isa = XCConfigurationList;
			buildConfigurations = (
				4D894BE7258BF17E008F0B6D /* Debug */,
				4D894BE8258BF17E008F0B6D /* Release */,
			);
			defaultConfigurationIsVisible = 0;
			defaultConfigurationName = Release;
		};
		4D894BE9258BF17E008F0B6D /* Build configuration list for PBXNativeTarget "LandmarksTests" */ = {
			isa = XCConfigurationList;
			buildConfigurations = (
				4D894BEA258BF17E008F0B6D /* Debug */,
				4D894BEB258BF17E008F0B6D /* Release */,
			);
			defaultConfigurationIsVisible = 0;
			defaultConfigurationName = Release;
		};
		4D894BEC258BF17E008F0B6D /* Build configuration list for PBXNativeTarget "LandmarksUITests" */ = {
			isa = XCConfigurationList;
			buildConfigurations = (
				4D894BED258BF17E008F0B6D /* Debug */,
				4D894BEE258BF17E008F0B6D /* Release */,
			);
			defaultConfigurationIsVisible = 0;
			defaultConfigurationName = Release;
		};
/* End XCConfigurationList section */
	};
	rootObject = 4D894BB9258BF17E008F0B6D /* Project object */;
}
